<?xml version="1.0" encoding="utf-8"?>
<Project ToolsVersion="4.0" xmlns="http://schemas.microsoft.com/developer/msbuild/2003">
  <ItemGroup>
    <Filter Include="Source Files">
      <UniqueIdentifier>{4FC737F1-C7A5-4376-A066-2A32D752A2FF}</UniqueIdentifier>
      <Extensions>cpp;c;cc;cxx;c++;cppm;ixx;def;odl;idl;hpj;bat;asm;asmx</Extensions>
    </Filter>
    <Filter Include="Header Files">
      <UniqueIdentifier>{93995380-89BD-4b04-88EB-625FBE52EBFB}</UniqueIdentifier>
      <Extensions>h;hh;hpp;hxx;h++;hm;inl;inc;ipp;xsd</Extensions>
    </Filter>
    <Filter Include="Addresses">
      <UniqueIdentifier>{47a2bb8c-9f2e-492e-b7a7-37878a7b12dc}</UniqueIdentifier>
    </Filter>
    <Filter Include="Offsets">
      <UniqueIdentifier>{571c0645-7f04-47bd-99be-f9620d51fecc}</UniqueIdentifier>
    </Filter>
    <Filter Include="Options">
      <UniqueIdentifier>{570efda3-ac0f-4eae-aea9-dad98d857aec}</UniqueIdentifier>
    </Filter>
    <Filter Include="utils">
      <UniqueIdentifier>{aa2ed6ef-0ccb-45ae-814e-0b339eb795cb}</UniqueIdentifier>
    </Filter>
    <Filter Include="utils\mem">
      <UniqueIdentifier>{71a18b6b-30c3-447b-8849-d4d190ae507d}</UniqueIdentifier>
    </Filter>
    <Filter Include="Header Files\pch">
      <UniqueIdentifier>{4b6ae50f-7787-4093-8894-bcd4367a2ac3}</UniqueIdentifier>
    </Filter>
    <Filter Include="utils\console">
      <UniqueIdentifier>{993a6bde-7c11-4017-be48-b49bb36ba5f5}</UniqueIdentifier>
    </Filter>
  </ItemGroup>
  <ItemGroup>
    <ClInclude Include="framework.h">
      <Filter>Header Files</Filter>
    </ClInclude>
    <ClInclude Include="pch.h">
      <Filter>Header Files\pch</Filter>
    </ClInclude>
    <ClInclude Include="mem.h">
      <Filter>utils\mem</Filter>
    </ClInclude>
    <ClInclude Include="console.h">
      <Filter>utils\console</Filter>
    </ClInclude>
    <ClInclude Include="Addresses.h">
      <Filter>Addresses</Filter>
    </ClInclude>
    <ClInclude Include="Offsets.h">
      <Filter>Offsets</Filter>
    </ClInclude>
    <ClInclude Include="Options.hpp">
      <Filter>Options</Filter>
    </ClInclude>
  </ItemGroup>
  <ItemGroup>
    <ClCompile Include="dllmain.cpp">
      <Filter>Source Files</Filter>
    </ClCompile>
    <ClCompile Include="pch.cpp">
      <Filter>Header Files\pch</Filter>
    </ClCompile>
    <ClCompile Include="mem.cpp">
      <Filter>utils\mem</Filter>
    </ClCompile>
    <ClCompile Include="console.cpp">
      <Filter>utils\console</Filter>
    </ClCompile>
    <ClCompile Include="Addresses.cpp">
      <Filter>Addresses</Filter>
    </ClCompile>
    <ClCompile Include="Offsets.cpp">
      <Filter>Offsets</Filter>
    </ClCompile>
  </ItemGroup>
</Project>